
Microsoft Visual Studio Solution File, Format Version 12.00
# Visual Studio 15
VisualStudioVersion = 15.0.28307.438
MinimumVisualStudioVersion = 10.0.40219.1
Project("{FAE04EC0-301F-11D3-BF4B-00C04F79EFBC}") = "WpfApp1", "WpfApp1\WpfApp1.csproj", "{8935B742-DF65-49EA-944F-F504FA7AA1C3}"
EndProject
Global
	GlobalSection(SolutionConfigurationPlatforms) = preSolution
		Debug|Any CPU = Debug|Any CPU
		Release|Any CPU = Release|Any CPU
	EndGlobalSection
	GlobalSection(ProjectConfigurationPlatforms) = postSolution
		{8935B742-DF65-49EA-944F-F504FA7AA1C3}.Debug|Any CPU.ActiveCfg = Debug|Any CPU
		{8935B742-DF65-49EA-944F-F504FA7AA1C3}.Debug|Any CPU.Build.0 = Debug|Any CPU
		{8935B742-DF65-49EA-944F-F504FA7AA1C3}.Release|Any CPU.ActiveCfg = Release|Any CPU
		{8935B742-DF65-49EA-944F-F504FA7AA1C3}.Release|Any CPU.Build.0 = Release|Any CPU
	EndGlobalSection
	GlobalSection(SolutionProperties) = preSolution
		HideSolutionNode = FALSE
	EndGlobalSection
	GlobalSection(ExtensibilityGlobals) = postSolution
		SolutionGuid = {83A28863-9AE6-4F1C-9DAB-921256F8DB7A}
	EndGlobalSection
EndGlobal
